
Microsoft Visual Studio Solution File, Format Version 12.00
# Visual Studio 15
VisualStudioVersion = 15.0.27004.2006
MinimumVisualStudioVersion = 10.0.40219.1
Project("{FAE04EC0-301F-11D3-BF4B-00C04F79EFBC}") = "CalendarAppCore.Web", "CalendarAppCore.Web\CalendarAppCore.Web.csproj", "{B90F4616-AEDA-4200-A37A-0C1DC962BB5D}"
EndProject
Global
	GlobalSection(SolutionConfigurationPlatforms) = preSolution
		Debug|Any CPU = Debug|Any CPU
		Release|Any CPU = Release|Any CPU
	EndGlobalSection
	GlobalSection(ProjectConfigurationPlatforms) = postSolution
		{B90F4616-AEDA-4200-A37A-0C1DC962BB5D}.Debug|Any CPU.ActiveCfg = Debug|Any CPU
		{B90F4616-AEDA-4200-A37A-0C1DC962BB5D}.Debug|Any CPU.Build.0 = Debug|Any CPU
		{B90F4616-AEDA-4200-A37A-0C1DC962BB5D}.Release|Any CPU.ActiveCfg = Release|Any CPU
		{B90F4616-AEDA-4200-A37A-0C1DC962BB5D}.Release|Any CPU.Build.0 = Release|Any CPU
	EndGlobalSection
	GlobalSection(SolutionProperties) = preSolution
		HideSolutionNode = FALSE
	EndGlobalSection
	GlobalSection(ExtensibilityGlobals) = postSolution
		SolutionGuid = {5B7EADD6-22EF-44DA-B587-3F7C23437E24}
	EndGlobalSection
EndGlobal
